
Microsoft Visual Studio Solution File, Format Version 12.00
# Visual Studio Version 16
VisualStudioVersion = 16.0.29920.165
MinimumVisualStudioVersion = 10.0.40219.1
Project("{FAE04EC0-301F-11D3-BF4B-00C04F79EFBC}") = "Kargo", "Kargo\Kargo.csproj", "{87C53280-BC83-4123-8B81-0E40E42E3DE6}"
EndProject
Global
	GlobalSection(SolutionConfigurationPlatforms) = preSolution
		Debug|Any CPU = Debug|Any CPU
		Release|Any CPU = Release|Any CPU
	EndGlobalSection
	GlobalSection(ProjectConfigurationPlatforms) = postSolution
		{87C53280-BC83-4123-8B81-0E40E42E3DE6}.Debug|Any CPU.ActiveCfg = Debug|Any CPU
		{87C53280-BC83-4123-8B81-0E40E42E3DE6}.Debug|Any CPU.Build.0 = Debug|Any CPU
		{87C53280-BC83-4123-8B81-0E40E42E3DE6}.Release|Any CPU.ActiveCfg = Release|Any CPU
		{87C53280-BC83-4123-8B81-0E40E42E3DE6}.Release|Any CPU.Build.0 = Release|Any CPU
	EndGlobalSection
	GlobalSection(SolutionProperties) = preSolution
		HideSolutionNode = FALSE
	EndGlobalSection
	GlobalSection(ExtensibilityGlobals) = postSolution
		SolutionGuid = {94951DF3-A261-455A-AD69-30BDC5BBA6D1}
	EndGlobalSection
EndGlobal
